{
  "name": "homework",
  "version": "1.0.0",
  "lockfileVersion": 1,
  "requires": true,
  "dependencies": {
    "eslint-config-prettier": {
      "version": "6.12.0",
      "resolved": "https://registry.npm.taobao.org/eslint-config-prettier/download/eslint-config-prettier-6.12.0.tgz?cache=0&sync_timestamp=1601053002831&other_urls=https%3A%2F%2Fregistry.npm.taobao.org%2Feslint-config-prettier%2Fdownload%2Feslint-config-prettier-6.12.0.tgz",
      "integrity": "sha1-nrK8z/cn2xxSEE8LSeh+pGYFoNI=",
      "dev": true,
      "requires": {
        "get-stdin": "^6.0.0"
      }
    },
    "eslint-plugin-prettier": {
      "version": "3.1.4",
      "resolved": "https://registry.npm.taobao.org/eslint-plugin-prettier/download/eslint-plugin-prettier-3.1.4.tgz",
      "integrity": "sha1-Foq0MVTi6lfbmSos0JfIKBcfdcI=",
      "dev": true,
      "requires": {
        "prettier-linter-helpers": "^1.0.0"
      }
    },
    "fast-diff": {
      "version": "1.2.0",
      "resolved": "https://registry.npm.taobao.org/fast-diff/download/fast-diff-1.2.0.tgz",
      "integrity": "sha1-c+4RmC2Gyq95WYKNUZz+kn+sXwM=",
      "dev": true
    },
    "get-stdin": {
      "version": "6.0.0",
      "resolved": "https://registry.npm.taobao.org/get-stdin/download/get-stdin-6.0.0.tgz",
      "integrity": "sha1-ngm/cSs2CrkiXoEgSPcf3pyJZXs=",
      "dev": true
    },
    "lodash": {
      "version": "4.17.15",
      "resolved": "https://registry.npm.taobao.org/lodash/download/lodash-4.17.15.tgz?cache=0&sync_timestamp=1563508077056&other_urls=https%3A%2F%2Fregistry.npm.taobao.org%2Flodash%2Fdownload%2Flodash-4.17.15.tgz",
      "integrity": "sha1-tEf2ZwoEVbv+7dETku/zMOoJdUg="
    },
    "prettier-linter-helpers": {
      "version": "1.0.0",
      "resolved": "https://registry.npm.taobao.org/prettier-linter-helpers/download/prettier-linter-helpers-1.0.0.tgz",
      "integrity": "sha1-0j1B/hN1ZG3i0BBNNFSjAIgCz3s=",
      "dev": true,
      "requires": {
        "fast-diff": "^1.1.2"
      }
    }
  }
}
